
Microsoft Visual Studio Solution File, Format Version 12.00
# Visual Studio Version 17
VisualStudioVersion = 17.4.33213.308
MinimumVisualStudioVersion = 10.0.40219.1
Project("{FAE04EC0-301F-11D3-BF4B-00C04F79EFBC}") = "ConsoleApp1", "ConsoleApp1\ConsoleApp1.csproj", "{110404D4-7D49-41A2-A8B0-8E82866D6C24}"
EndProject
Global
	GlobalSection(SolutionConfigurationPlatforms) = preSolution
		Debug|Any CPU = Debug|Any CPU
		Release|Any CPU = Release|Any CPU
	EndGlobalSection
	GlobalSection(ProjectConfigurationPlatforms) = postSolution
		{110404D4-7D49-41A2-A8B0-8E82866D6C24}.Debug|Any CPU.ActiveCfg = Debug|Any CPU
		{110404D4-7D49-41A2-A8B0-8E82866D6C24}.Debug|Any CPU.Build.0 = Debug|Any CPU
		{110404D4-7D49-41A2-A8B0-8E82866D6C24}.Release|Any CPU.ActiveCfg = Release|Any CPU
		{110404D4-7D49-41A2-A8B0-8E82866D6C24}.Release|Any CPU.Build.0 = Release|Any CPU
	EndGlobalSection
	GlobalSection(SolutionProperties) = preSolution
		HideSolutionNode = FALSE
	EndGlobalSection
	GlobalSection(ExtensibilityGlobals) = postSolution
		SolutionGuid = {37A698AC-4E91-4A10-955A-BE3309E0691C}
	EndGlobalSection
EndGlobal
